
Microsoft Visual Studio Solution File, Format Version 12.00
# Visual Studio Version 17
VisualStudioVersion = 17.3.32929.385
MinimumVisualStudioVersion = 10.0.40219.1
Project("{FAE04EC0-301F-11D3-BF4B-00C04F79EFBC}") = "Sayi_tahmin_RANDOM", "Sayi_tahmin_RANDOM\Sayi_tahmin_RANDOM.csproj", "{E107D6C4-8359-486A-A13E-1F7C67DF7C0B}"
EndProject
Global
	GlobalSection(SolutionConfigurationPlatforms) = preSolution
		Debug|Any CPU = Debug|Any CPU
		Release|Any CPU = Release|Any CPU
	EndGlobalSection
	GlobalSection(ProjectConfigurationPlatforms) = postSolution
		{E107D6C4-8359-486A-A13E-1F7C67DF7C0B}.Debug|Any CPU.ActiveCfg = Debug|Any CPU
		{E107D6C4-8359-486A-A13E-1F7C67DF7C0B}.Debug|Any CPU.Build.0 = Debug|Any CPU
		{E107D6C4-8359-486A-A13E-1F7C67DF7C0B}.Release|Any CPU.ActiveCfg = Release|Any CPU
		{E107D6C4-8359-486A-A13E-1F7C67DF7C0B}.Release|Any CPU.Build.0 = Release|Any CPU
	EndGlobalSection
	GlobalSection(SolutionProperties) = preSolution
		HideSolutionNode = FALSE
	EndGlobalSection
	GlobalSection(ExtensibilityGlobals) = postSolution
		SolutionGuid = {42826389-BC20-45C2-8821-65219E0F980C}
	EndGlobalSection
EndGlobal
